certifi==2026.7.22
cffi==2.1.1
charset-normalizer==3.5.1
cli-helpers==2.15.1
click==8.5.0
click-default-group==1.2.4
colorama==0.4.6
configobj==5.0.9
curl-cffi==0.16.2
et-xmlfile==2.0.0
idna==3.19
iniconfig==2.3.0
litecli==1.17.1
numpy==2.5.2
openpyxl==3.1.5
packaging==26.3
pandas==3.0.5
pip==26.2.1
pluggy==1.6.0
prompt-toolkit==3.0.53
pycparser==3.0
pygments==2.21.0
pytest==9.1.1
python-dateutil==2.9.0.post0
python-dotenv==1.2.3
pyyaml==6.0.3
requests==2.34.2
six==1.17.0
sqlite-fts4==1.0.3
sqlite-utils==4.2.1
sqlparse==0.6.0
tabulate==0.10.0
tzdata==2026.3
urllib3==2.7.0
wcwidth==0.8.3
